
Microsoft Visual Studio Solution File, Format Version 12.00
# Visual Studio Version 17
VisualStudioVersion = 17.1.32407.343
MinimumVisualStudioVersion = 10.0.40219.1
Project("{FAE04EC0-301F-11D3-BF4B-00C04F79EFBC}") = "SME-API-Plateia", "src\SME-API-Plateia.csproj", "{509DD4B7-3737-4916-91F8-1EEA041AAFFC}"
EndProject
Global
	GlobalSection(SolutionConfigurationPlatforms) = preSolution
		Debug|Any CPU = Debug|Any CPU
		Release|Any CPU = Release|Any CPU
	EndGlobalSection
	GlobalSection(ProjectConfigurationPlatforms) = postSolution
		{509DD4B7-3737-4916-91F8-1EEA041AAFFC}.Debug|Any CPU.ActiveCfg = Debug|Any CPU
		{509DD4B7-3737-4916-91F8-1EEA041AAFFC}.Debug|Any CPU.Build.0 = Debug|Any CPU
		{509DD4B7-3737-4916-91F8-1EEA041AAFFC}.Release|Any CPU.ActiveCfg = Release|Any CPU
		{509DD4B7-3737-4916-91F8-1EEA041AAFFC}.Release|Any CPU.Build.0 = Release|Any CPU
	EndGlobalSection
	GlobalSection(SolutionProperties) = preSolution
		HideSolutionNode = FALSE
	EndGlobalSection
	GlobalSection(ExtensibilityGlobals) = postSolution
		SolutionGuid = {8FD0B1EF-F8AB-4C13-9AD9-8847E99FABA4}
	EndGlobalSection
EndGlobal
